{
  "name": "kschema-ui-hook-add-listeners",
  "version": "1.3.4",
  "lockfileVersion": 3,
  "requires": true,
  "packages": {
    "": {
      "name": "kschema-ui-hook-add-listeners",
      "version": "1.3.4",
      "dependencies": {
        "express-fix-routes-js": "^1.2.1",
        "ui-fix-add-listeners-js": "^1.3.5"
      },
      "bin": {
        "kschema-ui-hook-add-listeners": "bin/cli.js"
      }
    },
    "node_modules/express-check-any-for-import": {
      "version": "1.4.7",
      "resolved": "https://registry.npmjs.org/express-check-any-for-import/-/express-check-any-for-import-1.4.7.tgz",
      "integrity": "sha512-o1nYK3C+JoCB4Jc9hakU+XrZ8NwgF2TWlGDm12wATM35glyYspYCI+IKWscmCw6YI61YVyncVGe845iWHcYWmA==",
      "bin": {
        "express-check-any-for-import": "bin/cli.js"
      }
    },
    "node_modules/express-fix-any-js": {
      "version": "1.8.4",
      "resolved": "https://registry.npmjs.org/express-fix-any-js/-/express-fix-any-js-1.8.4.tgz",
      "integrity": "sha512-975M3gD07gpeol7vnGeqs4mPpTgoXTVY9Om83Jonx873ZacTW065mRIP/8JOA14KnLJ0yiWYuNJTvQZh8N2GPQ==",
      "dependencies": {
        "express-check-any-for-import": "^1.4.7"
      },
      "bin": {
        "express-fix-any-js": "bin/cli.js"
      }
    },
    "node_modules/express-fix-routes-js": {
      "version": "1.2.1",
      "resolved": "https://registry.npmjs.org/express-fix-routes-js/-/express-fix-routes-js-1.2.1.tgz",
      "integrity": "sha512-bLmOCBgFzGMKomW+pezDnv6uMQhEUM//zfT/9EhN9ECw24Digc1gD1cW84EJn+06FGh5m+PfKEFHM48FDo/JvQ==",
      "dependencies": {
        "express-fix-any-js": "^1.7.7"
      },
      "bin": {
        "express-fix-endpoints-get-js": "bin/cli.js"
      }
    },
    "node_modules/ui-fix-add-listeners-js": {
      "version": "1.3.5",
      "resolved": "https://registry.npmjs.org/ui-fix-add-listeners-js/-/ui-fix-add-listeners-js-1.3.5.tgz",
      "integrity": "sha512-tOhTX8yCslffHS0aNEnuyyAsnoz1+O9uE6cDVWPylm2UcWbcT4Iy6ZHxrbGmsJG2s7zld33vhaJK3/q+jJCxfA==",
      "dependencies": {
        "express-fix-any-js": "^1.8.4"
      },
      "bin": {
        "ui-fix-add-listeners-js": "bin/cli.js"
      }
    }
  }
}
